
Microsoft Visual Studio Solution File, Format Version 12.00
# Visual Studio Version 17
VisualStudioVersion = 17.1.32328.378
MinimumVisualStudioVersion = 10.0.40219.1
Project("{FAE04EC0-301F-11D3-BF4B-00C04F79EFBC}") = "CSharp.LabExercise2", "CSharp.LabExercise2\CSharp.LabExercise2.csproj", "{B475F663-2909-4626-9789-E0BD2D8BE304}"
EndProject
Global
	GlobalSection(SolutionConfigurationPlatforms) = preSolution
		Debug|Any CPU = Debug|Any CPU
		Release|Any CPU = Release|Any CPU
	EndGlobalSection
	GlobalSection(ProjectConfigurationPlatforms) = postSolution
		{B475F663-2909-4626-9789-E0BD2D8BE304}.Debug|Any CPU.ActiveCfg = Debug|Any CPU
		{B475F663-2909-4626-9789-E0BD2D8BE304}.Debug|Any CPU.Build.0 = Debug|Any CPU
		{B475F663-2909-4626-9789-E0BD2D8BE304}.Release|Any CPU.ActiveCfg = Release|Any CPU
		{B475F663-2909-4626-9789-E0BD2D8BE304}.Release|Any CPU.Build.0 = Release|Any CPU
	EndGlobalSection
	GlobalSection(SolutionProperties) = preSolution
		HideSolutionNode = FALSE
	EndGlobalSection
	GlobalSection(ExtensibilityGlobals) = postSolution
		SolutionGuid = {30691A51-DFB7-45C8-BC60-DB41E1D3B689}
	EndGlobalSection
EndGlobal
